
Microsoft Visual Studio Solution File, Format Version 12.00
# Visual Studio Version 17
VisualStudioVersion = 17.11.35327.3
MinimumVisualStudioVersion = 10.0.40219.1
Project("{9A19103F-16F7-4668-BE54-9A1E7A4F7556}") = "ECommerce", "ECommerce\ECommerce.csproj", "{C9C62BCB-1B5E-4046-92D9-A5DEEB57987E}"
EndProject
Project("{9A19103F-16F7-4668-BE54-9A1E7A4F7556}") = "ECommerce.Core", "ECommerce.Core\ECommerce.Core.csproj", "{9AF94469-A9AB-45FD-AE03-1382A97F4E2E}"
EndProject
Project("{9A19103F-16F7-4668-BE54-9A1E7A4F7556}") = "ECommerce.Repo", "ECommerce.Repo\ECommerce.Repo.csproj", "{427AAF57-18C6-4829-8C38-E1D7C18AE9AA}"
EndProject
Project("{FAE04EC0-301F-11D3-BF4B-00C04F79EFBC}") = "ECommerce.Service", "ECommerce.Service\ECommerce.Service.csproj", "{0398D3E8-39F3-4922-8618-5DF6D915EF63}"
EndProject
Global
	GlobalSection(SolutionConfigurationPlatforms) = preSolution
		Debug|Any CPU = Debug|Any CPU
		Release|Any CPU = Release|Any CPU
	EndGlobalSection
	GlobalSection(ProjectConfigurationPlatforms) = postSolution
		{C9C62BCB-1B5E-4046-92D9-A5DEEB57987E}.Debug|Any CPU.ActiveCfg = Debug|Any CPU
		{C9C62BCB-1B5E-4046-92D9-A5DEEB57987E}.Debug|Any CPU.Build.0 = Debug|Any CPU
		{C9C62BCB-1B5E-4046-92D9-A5DEEB57987E}.Release|Any CPU.ActiveCfg = Debug|Any CPU
		{C9C62BCB-1B5E-4046-92D9-A5DEEB57987E}.Release|Any CPU.Build.0 = Debug|Any CPU
		{9AF94469-A9AB-45FD-AE03-1382A97F4E2E}.Debug|Any CPU.ActiveCfg = Debug|Any CPU
		{9AF94469-A9AB-45FD-AE03-1382A97F4E2E}.Debug|Any CPU.Build.0 = Debug|Any CPU
		{9AF94469-A9AB-45FD-AE03-1382A97F4E2E}.Release|Any CPU.ActiveCfg = Release|Any CPU
		{9AF94469-A9AB-45FD-AE03-1382A97F4E2E}.Release|Any CPU.Build.0 = Release|Any CPU
		{427AAF57-18C6-4829-8C38-E1D7C18AE9AA}.Debug|Any CPU.ActiveCfg = Debug|Any CPU
		{427AAF57-18C6-4829-8C38-E1D7C18AE9AA}.Debug|Any CPU.Build.0 = Debug|Any CPU
		{427AAF57-18C6-4829-8C38-E1D7C18AE9AA}.Release|Any CPU.ActiveCfg = Release|Any CPU
		{427AAF57-18C6-4829-8C38-E1D7C18AE9AA}.Release|Any CPU.Build.0 = Release|Any CPU
		{0398D3E8-39F3-4922-8618-5DF6D915EF63}.Debug|Any CPU.ActiveCfg = Debug|Any CPU
		{0398D3E8-39F3-4922-8618-5DF6D915EF63}.Debug|Any CPU.Build.0 = Debug|Any CPU
		{0398D3E8-39F3-4922-8618-5DF6D915EF63}.Release|Any CPU.ActiveCfg = Release|Any CPU
		{0398D3E8-39F3-4922-8618-5DF6D915EF63}.Release|Any CPU.Build.0 = Release|Any CPU
	EndGlobalSection
	GlobalSection(SolutionProperties) = preSolution
		HideSolutionNode = FALSE
	EndGlobalSection
	GlobalSection(ExtensibilityGlobals) = postSolution
		SolutionGuid = {655B6FD5-DFD7-4C7A-AAEC-46FC0599DB63}
	EndGlobalSection
EndGlobal
